
Microsoft Visual Studio Solution File, Format Version 12.00
# Visual Studio Version 17
VisualStudioVersion = 17.14.36804.6
MinimumVisualStudioVersion = 10.0.40219.1
Project("{FAE04EC0-301F-11D3-BF4B-00C04F79EFBC}") = "MVCTemplate", "MVCTemplate\MVCTemplate.csproj", "{8D25E6D4-7B00-4979-9D7F-D07E4446A42B}"
EndProject
Project("{FAE04EC0-301F-11D3-BF4B-00C04F79EFBC}") = "EmptyTemplate", "EmptyTemplate\EmptyTemplate.csproj", "{6A24C483-51C9-42E7-8F00-93CAA20E9CCB}"
EndProject
Project("{FAE04EC0-301F-11D3-BF4B-00C04F79EFBC}") = "MVCBasic", "MVCBasic\MVCBasic.csproj", "{740C4366-5EE1-4150-9113-B88D2F4279C6}"
EndProject
Project("{FAE04EC0-301F-11D3-BF4B-00C04F79EFBC}") = "ConventialRouting", "ConventialRouting\ConventialRouting.csproj", "{5DC32789-741F-45EC-894B-484C68E089C1}"
EndProject
Project("{FAE04EC0-301F-11D3-BF4B-00C04F79EFBC}") = "AttributeBasedRouting", "AttributeBasedRouting\AttributeBasedRouting.csproj", "{E21045CD-12ED-4C83-9EA4-59F3CA044F29}"
EndProject
Project("{FAE04EC0-301F-11D3-BF4B-00C04F79EFBC}") = "ReturnTypeOfActionMethod", "ReturnTypeOfActionMethod\ReturnTypeOfActionMethod.csproj", "{DDDD050B-BF01-4E9B-A940-654BA7C4EF6D}"
EndProject
Project("{FAE04EC0-301F-11D3-BF4B-00C04F79EFBC}") = "ViewBag_ViewData_TempData", "ViewBag_ViewData_TempData\ViewBag_ViewData_TempData.csproj", "{5E63541F-23F7-7A41-76E1-6E4E89626205}"
EndProject
Project("{FAE04EC0-301F-11D3-BF4B-00C04F79EFBC}") = "TagHelper", "TagHelper\TagHelper.csproj", "{05BED753-20DA-4D34-A48F-E404ABC5AB70}"
EndProject
Project("{FAE04EC0-301F-11D3-BF4B-00C04F79EFBC}") = "Connected", "Connected\Connected.csproj", "{422DEACA-0580-42FA-88D2-517191A371DB}"
EndProject
Project("{FAE04EC0-301F-11D3-BF4B-00C04F79EFBC}") = "Bootstrap", "Bootstrap\Bootstrap.csproj", "{8EA374FF-96D2-4E5F-9AE1-849819FAE690}"
EndProject
Project("{FAE04EC0-301F-11D3-BF4B-00C04F79EFBC}") = "EF_Filter_Session_WEBApi", "EF_Filter_Session_WEBApi\EF_Filter_Session_WEBApi.csproj", "{D18F82F1-48AE-4452-A0CF-C5B24CCDE7BA}"
EndProject
Project("{FAE04EC0-301F-11D3-BF4B-00C04F79EFBC}") = "FilterSession", "FilterSession\FilterSession.csproj", "{60FB60E8-F1B4-4D72-BE4A-55C3D3CD8895}"
EndProject
Global
	GlobalSection(SolutionConfigurationPlatforms) = preSolution
		Debug|Any CPU = Debug|Any CPU
		Release|Any CPU = Release|Any CPU
	EndGlobalSection
	GlobalSection(ProjectConfigurationPlatforms) = postSolution
		{8D25E6D4-7B00-4979-9D7F-D07E4446A42B}.Debug|Any CPU.ActiveCfg = Debug|Any CPU
		{8D25E6D4-7B00-4979-9D7F-D07E4446A42B}.Debug|Any CPU.Build.0 = Debug|Any CPU
		{8D25E6D4-7B00-4979-9D7F-D07E4446A42B}.Release|Any CPU.ActiveCfg = Release|Any CPU
		{8D25E6D4-7B00-4979-9D7F-D07E4446A42B}.Release|Any CPU.Build.0 = Release|Any CPU
		{6A24C483-51C9-42E7-8F00-93CAA20E9CCB}.Debug|Any CPU.ActiveCfg = Debug|Any CPU
		{6A24C483-51C9-42E7-8F00-93CAA20E9CCB}.Debug|Any CPU.Build.0 = Debug|Any CPU
		{6A24C483-51C9-42E7-8F00-93CAA20E9CCB}.Release|Any CPU.ActiveCfg = Release|Any CPU
		{6A24C483-51C9-42E7-8F00-93CAA20E9CCB}.Release|Any CPU.Build.0 = Release|Any CPU
		{740C4366-5EE1-4150-9113-B88D2F4279C6}.Debug|Any CPU.ActiveCfg = Debug|Any CPU
		{740C4366-5EE1-4150-9113-B88D2F4279C6}.Debug|Any CPU.Build.0 = Debug|Any CPU
		{740C4366-5EE1-4150-9113-B88D2F4279C6}.Release|Any CPU.ActiveCfg = Release|Any CPU
		{740C4366-5EE1-4150-9113-B88D2F4279C6}.Release|Any CPU.Build.0 = Release|Any CPU
		{5DC32789-741F-45EC-894B-484C68E089C1}.Debug|Any CPU.ActiveCfg = Debug|Any CPU
		{5DC32789-741F-45EC-894B-484C68E089C1}.Debug|Any CPU.Build.0 = Debug|Any CPU
		{5DC32789-741F-45EC-894B-484C68E089C1}.Release|Any CPU.ActiveCfg = Release|Any CPU
		{5DC32789-741F-45EC-894B-484C68E089C1}.Release|Any CPU.Build.0 = Release|Any CPU
		{E21045CD-12ED-4C83-9EA4-59F3CA044F29}.Debug|Any CPU.ActiveCfg = Debug|Any CPU
		{E21045CD-12ED-4C83-9EA4-59F3CA044F29}.Debug|Any CPU.Build.0 = Debug|Any CPU
		{E21045CD-12ED-4C83-9EA4-59F3CA044F29}.Release|Any CPU.ActiveCfg = Release|Any CPU
		{E21045CD-12ED-4C83-9EA4-59F3CA044F29}.Release|Any CPU.Build.0 = Release|Any CPU
		{DDDD050B-BF01-4E9B-A940-654BA7C4EF6D}.Debug|Any CPU.ActiveCfg = Debug|Any CPU
		{DDDD050B-BF01-4E9B-A940-654BA7C4EF6D}.Debug|Any CPU.Build.0 = Debug|Any CPU
		{DDDD050B-BF01-4E9B-A940-654BA7C4EF6D}.Release|Any CPU.ActiveCfg = Release|Any CPU
		{DDDD050B-BF01-4E9B-A940-654BA7C4EF6D}.Release|Any CPU.Build.0 = Release|Any CPU
		{5E63541F-23F7-7A41-76E1-6E4E89626205}.Debug|Any CPU.ActiveCfg = Debug|Any CPU
		{5E63541F-23F7-7A41-76E1-6E4E89626205}.Debug|Any CPU.Build.0 = Debug|Any CPU
		{5E63541F-23F7-7A41-76E1-6E4E89626205}.Release|Any CPU.ActiveCfg = Release|Any CPU
		{5E63541F-23F7-7A41-76E1-6E4E89626205}.Release|Any CPU.Build.0 = Release|Any CPU
		{05BED753-20DA-4D34-A48F-E404ABC5AB70}.Debug|Any CPU.ActiveCfg = Debug|Any CPU
		{05BED753-20DA-4D34-A48F-E404ABC5AB70}.Debug|Any CPU.Build.0 = Debug|Any CPU
		{05BED753-20DA-4D34-A48F-E404ABC5AB70}.Release|Any CPU.ActiveCfg = Release|Any CPU
		{05BED753-20DA-4D34-A48F-E404ABC5AB70}.Release|Any CPU.Build.0 = Release|Any CPU
		{422DEACA-0580-42FA-88D2-517191A371DB}.Debug|Any CPU.ActiveCfg = Debug|Any CPU
		{422DEACA-0580-42FA-88D2-517191A371DB}.Debug|Any CPU.Build.0 = Debug|Any CPU
		{422DEACA-0580-42FA-88D2-517191A371DB}.Release|Any CPU.ActiveCfg = Release|Any CPU
		{422DEACA-0580-42FA-88D2-517191A371DB}.Release|Any CPU.Build.0 = Release|Any CPU
		{8EA374FF-96D2-4E5F-9AE1-849819FAE690}.Debug|Any CPU.ActiveCfg = Debug|Any CPU
		{8EA374FF-96D2-4E5F-9AE1-849819FAE690}.Debug|Any CPU.Build.0 = Debug|Any CPU
		{8EA374FF-96D2-4E5F-9AE1-849819FAE690}.Release|Any CPU.ActiveCfg = Release|Any CPU
		{8EA374FF-96D2-4E5F-9AE1-849819FAE690}.Release|Any CPU.Build.0 = Release|Any CPU
		{D18F82F1-48AE-4452-A0CF-C5B24CCDE7BA}.Debug|Any CPU.ActiveCfg = Debug|Any CPU
		{D18F82F1-48AE-4452-A0CF-C5B24CCDE7BA}.Debug|Any CPU.Build.0 = Debug|Any CPU
		{D18F82F1-48AE-4452-A0CF-C5B24CCDE7BA}.Release|Any CPU.ActiveCfg = Release|Any CPU
		{D18F82F1-48AE-4452-A0CF-C5B24CCDE7BA}.Release|Any CPU.Build.0 = Release|Any CPU
		{60FB60E8-F1B4-4D72-BE4A-55C3D3CD8895}.Debug|Any CPU.ActiveCfg = Debug|Any CPU
		{60FB60E8-F1B4-4D72-BE4A-55C3D3CD8895}.Debug|Any CPU.Build.0 = Debug|Any CPU
		{60FB60E8-F1B4-4D72-BE4A-55C3D3CD8895}.Release|Any CPU.ActiveCfg = Release|Any CPU
		{60FB60E8-F1B4-4D72-BE4A-55C3D3CD8895}.Release|Any CPU.Build.0 = Release|Any CPU
	EndGlobalSection
	GlobalSection(SolutionProperties) = preSolution
		HideSolutionNode = FALSE
	EndGlobalSection
	GlobalSection(ExtensibilityGlobals) = postSolution
		SolutionGuid = {9F2D3780-E3DB-4E85-9633-A46BCAF6E539}
	EndGlobalSection
EndGlobal
